
Microsoft Visual Studio Solution File, Format Version 12.00
# Visual Studio Version 17
VisualStudioVersion = 17.2.32516.85
MinimumVisualStudioVersion = 10.0.40219.1
Project("{FAE04EC0-301F-11D3-BF4B-00C04F79EFBC}") = "IEnumerableExercise1", "IEnumerableExercise1\IEnumerableExercise1.csproj", "{52B1BF44-E201-4909-B941-476006E77C55}"
EndProject
Global
	GlobalSection(SolutionConfigurationPlatforms) = preSolution
		Debug|Any CPU = Debug|Any CPU
		Release|Any CPU = Release|Any CPU
	EndGlobalSection
	GlobalSection(ProjectConfigurationPlatforms) = postSolution
		{52B1BF44-E201-4909-B941-476006E77C55}.Debug|Any CPU.ActiveCfg = Debug|Any CPU
		{52B1BF44-E201-4909-B941-476006E77C55}.Debug|Any CPU.Build.0 = Debug|Any CPU
		{52B1BF44-E201-4909-B941-476006E77C55}.Release|Any CPU.ActiveCfg = Release|Any CPU
		{52B1BF44-E201-4909-B941-476006E77C55}.Release|Any CPU.Build.0 = Release|Any CPU
	EndGlobalSection
	GlobalSection(SolutionProperties) = preSolution
		HideSolutionNode = FALSE
	EndGlobalSection
	GlobalSection(ExtensibilityGlobals) = postSolution
		SolutionGuid = {6AB6FC1B-6942-4108-BDAC-4D2129806F76}
	EndGlobalSection
EndGlobal
