
Microsoft Visual Studio Solution File, Format Version 12.00
# Visual Studio Version 17
VisualStudioVersion = 17.2.32516.85
MinimumVisualStudioVersion = 10.0.40219.1
Project("{FAE04EC0-301F-11D3-BF4B-00C04F79EFBC}") = "DebuggingTests", "DebuggingTests\DebuggingTests.csproj", "{42F577B4-4D41-42CE-BDEE-D4B1CAF65973}"
EndProject
Global
	GlobalSection(SolutionConfigurationPlatforms) = preSolution
		Debug|Any CPU = Debug|Any CPU
		Release|Any CPU = Release|Any CPU
	EndGlobalSection
	GlobalSection(ProjectConfigurationPlatforms) = postSolution
		{42F577B4-4D41-42CE-BDEE-D4B1CAF65973}.Debug|Any CPU.ActiveCfg = Debug|Any CPU
		{42F577B4-4D41-42CE-BDEE-D4B1CAF65973}.Debug|Any CPU.Build.0 = Debug|Any CPU
		{42F577B4-4D41-42CE-BDEE-D4B1CAF65973}.Release|Any CPU.ActiveCfg = Release|Any CPU
		{42F577B4-4D41-42CE-BDEE-D4B1CAF65973}.Release|Any CPU.Build.0 = Release|Any CPU
	EndGlobalSection
	GlobalSection(SolutionProperties) = preSolution
		HideSolutionNode = FALSE
	EndGlobalSection
	GlobalSection(ExtensibilityGlobals) = postSolution
		SolutionGuid = {F879D4DA-DDDF-49D8-BD01-A98322A502D5}
	EndGlobalSection
EndGlobal
