
Microsoft Visual Studio Solution File, Format Version 12.00
# Visual Studio Version 17
VisualStudioVersion = 17.2.32516.85
MinimumVisualStudioVersion = 10.0.40219.1
Project("{FAE04EC0-301F-11D3-BF4B-00C04F79EFBC}") = "StringExercise", "StringExercise\StringExercise.csproj", "{06741286-76D6-4537-999C-62C61FD3F0B5}"
EndProject
Global
	GlobalSection(SolutionConfigurationPlatforms) = preSolution
		Debug|Any CPU = Debug|Any CPU
		Release|Any CPU = Release|Any CPU
	EndGlobalSection
	GlobalSection(ProjectConfigurationPlatforms) = postSolution
		{06741286-76D6-4537-999C-62C61FD3F0B5}.Debug|Any CPU.ActiveCfg = Debug|Any CPU
		{06741286-76D6-4537-999C-62C61FD3F0B5}.Debug|Any CPU.Build.0 = Debug|Any CPU
		{06741286-76D6-4537-999C-62C61FD3F0B5}.Release|Any CPU.ActiveCfg = Release|Any CPU
		{06741286-76D6-4537-999C-62C61FD3F0B5}.Release|Any CPU.Build.0 = Release|Any CPU
	EndGlobalSection
	GlobalSection(SolutionProperties) = preSolution
		HideSolutionNode = FALSE
	EndGlobalSection
	GlobalSection(ExtensibilityGlobals) = postSolution
		SolutionGuid = {ECAEFD5A-2D17-420D-8E16-AE3E5252DCE8}
	EndGlobalSection
EndGlobal
