
Microsoft Visual Studio Solution File, Format Version 12.00
# Visual Studio Version 17
VisualStudioVersion = 17.2.32516.85
MinimumVisualStudioVersion = 10.0.40219.1
Project("{FAE04EC0-301F-11D3-BF4B-00C04F79EFBC}") = "EnhancedIfElseStatements", "EnhancedIfElseStatements\EnhancedIfElseStatements.csproj", "{FF3B0469-F281-44CF-A794-2C87E02F7331}"
EndProject
Global
	GlobalSection(SolutionConfigurationPlatforms) = preSolution
		Debug|Any CPU = Debug|Any CPU
		Release|Any CPU = Release|Any CPU
	EndGlobalSection
	GlobalSection(ProjectConfigurationPlatforms) = postSolution
		{FF3B0469-F281-44CF-A794-2C87E02F7331}.Debug|Any CPU.ActiveCfg = Debug|Any CPU
		{FF3B0469-F281-44CF-A794-2C87E02F7331}.Debug|Any CPU.Build.0 = Debug|Any CPU
		{FF3B0469-F281-44CF-A794-2C87E02F7331}.Release|Any CPU.ActiveCfg = Release|Any CPU
		{FF3B0469-F281-44CF-A794-2C87E02F7331}.Release|Any CPU.Build.0 = Release|Any CPU
	EndGlobalSection
	GlobalSection(SolutionProperties) = preSolution
		HideSolutionNode = FALSE
	EndGlobalSection
	GlobalSection(ExtensibilityGlobals) = postSolution
		SolutionGuid = {1E3C8922-D752-4269-BBCD-430131A64510}
	EndGlobalSection
EndGlobal
